// !$*UTF8*$!
{
	archiveVersion = 1;
	classes = {
	};
	objectVersion = 46;
	objects = {

/* Begin PBXBuildFile section */
		2C03A2A01D1BA92D00DC5404 /* name.gif in Resources */ = {isa = PBXBuildFile; fileRef = 2C03A29F1D1BA92D00DC5404 /* name.gif */; };
		2C070AE91DBF4FD300F1F157 /* VDTextField.m in Sources */ = {isa = PBXBuildFile; fileRef = 2C070AE81DBF4FD300F1F157 /* VDTextField.m */; };
		2C070AF31DBF4FE000F1F157 /* BDKNotifyHUD.m in Sources */ = {isa = PBXBuildFile; fileRef = 2C070AEC1DBF4FE000F1F157 /* BDKNotifyHUD.m */; };
		2C070AF41DBF4FE000F1F157 /* KeyChain.m in Sources */ = {isa = PBXBuildFile; fileRef = 2C070AEE1DBF4FE000F1F157 /* KeyChain.m */; };
		2C070AF51DBF4FE000F1F157 /* NSString+OAURLEncodingAdditions.m in Sources */ = {isa = PBXBuildFile; fileRef = 2C070AF01DBF4FE000F1F157 /* NSString+OAURLEncodingAdditions.m */; };
		2C070AF61DBF4FE000F1F157 /* VDCustomAlertView.m in Sources */ = {isa = PBXBuildFile; fileRef = 2C070AF21DBF4FE000F1F157 /* VDCustomAlertView.m */; };
		2C0FEEEC1D29F42200A7E54D /* NSString+tool.m in Sources */ = {isa = PBXBuildFile; fileRef = 2C0FEEE21D29F42200A7E54D /* NSString+tool.m */; };
		2C0FEEED1D29F42200A7E54D /* UIControl+clickRepeatedly.m in Sources */ = {isa = PBXBuildFile; fileRef = 2C0FEEE41D29F42200A7E54D /* UIControl+clickRepeatedly.m */; };
		2C0FEEEE1D29F42200A7E54D /* UIImage+tool.m in Sources */ = {isa = PBXBuildFile; fileRef = 2C0FEEE61D29F42200A7E54D /* UIImage+tool.m */; };
		2C0FEEEF1D29F42200A7E54D /* UIView+EmptyShow.m in Sources */ = {isa = PBXBuildFile; fileRef = 2C0FEEE81D29F42200A7E54D /* UIView+EmptyShow.m */; };
		2C0FEEF01D29F42200A7E54D /* UIView+tool.m in Sources */ = {isa = PBXBuildFile; fileRef = 2C0FEEEA1D29F42200A7E54D /* UIView+tool.m */; };
		2C0FEEF31D29F44900A7E54D /* UserInfoModel.m in Sources */ = {isa = PBXBuildFile; fileRef = 2C0FEEF21D29F44900A7E54D /* UserInfoModel.m */; };
		2C17BD2E1DE05178008C6D8D /* VDGifPlayerTool.m in Sources */ = {isa = PBXBuildFile; fileRef = 2C17BD2D1DE05178008C6D8D /* VDGifPlayerTool.m */; };
		2C545A3C1DD565A500E7B31E /* FileManageTool.m in Sources */ = {isa = PBXBuildFile; fileRef = 2C545A391DD565A500E7B31E /* FileManageTool.m */; };
		2C545A3D1DD565A500E7B31E /* VDJumpTool.m in Sources */ = {isa = PBXBuildFile; fileRef = 2C545A3B1DD565A500E7B31E /* VDJumpTool.m */; };
		2C6A93021D2C9A7100A204FF /* RequestTool.m in Sources */ = {isa = PBXBuildFile; fileRef = 2C6A93011D2C9A7100A204FF /* RequestTool.m */; };
		2C6A93051D2CCDB300A204FF /* NSObject+Unicode.m in Sources */ = {isa = PBXBuildFile; fileRef = 2C6A93041D2CCDB300A204FF /* NSObject+Unicode.m */; };
		2C84744C1E348EF400DD5967 /* FMDBTool.m in Sources */ = {isa = PBXBuildFile; fileRef = 2C84744B1E348EF400DD5967 /* FMDBTool.m */; };
		2C886E661D2A49D9005A6D36 /* RequestManage.m in Sources */ = {isa = PBXBuildFile; fileRef = 2C886E651D2A49D9005A6D36 /* RequestManage.m */; };
		2C9381B21D1A94E6009F41C2 /* main.m in Sources */ = {isa = PBXBuildFile; fileRef = 2C9381B11D1A94E6009F41C2 /* main.m */; };
		2C9381B51D1A94E6009F41C2 /* AppDelegate.m in Sources */ = {isa = PBXBuildFile; fileRef = 2C9381B41D1A94E6009F41C2 /* AppDelegate.m */; };
		2C9381B81D1A94E6009F41C2 /* ViewController.m in Sources */ = {isa = PBXBuildFile; fileRef = 2C9381B71D1A94E6009F41C2 /* ViewController.m */; };
		2C9381BB1D1A94E6009F41C2 /* Main.storyboard in Resources */ = {isa = PBXBuildFile; fileRef = 2C9381B91D1A94E6009F41C2 /* Main.storyboard */; };
		2C9381C01D1A94E6009F41C2 /* LaunchScreen.storyboard in Resources */ = {isa = PBXBuildFile; fileRef = 2C9381BE1D1A94E6009F41C2 /* LaunchScreen.storyboard */; };
		2CE124321D2E1F0000EEB134 /* NSStringUtil.m in Sources */ = {isa = PBXBuildFile; fileRef = 2CE124311D2E1F0000EEB134 /* NSStringUtil.m */; };
		2CFAB8101D24FFAA002563AF /* netFail.png in Resources */ = {isa = PBXBuildFile; fileRef = 2CFAB80E1D24FFAA002563AF /* netFail.png */; };
		2CFAB8111D24FFAA002563AF /* noOrder.png in Resources */ = {isa = PBXBuildFile; fileRef = 2CFAB80F1D24FFAA002563AF /* noOrder.png */; };
		7CC7DA764EED8D9ABC368D89 /* libPods-testToolDemo.a in Frameworks */ = {isa = PBXBuildFile; fileRef = CBF3A2ADE5409E2EE4334F68 /* libPods-testToolDemo.a */; };
/* End PBXBuildFile section */

/* Begin PBXFileReference section */
		2C00AA191D23A05F003076E1 /* PrefixHeader.pch */ = {isa = PBXFileReference; lastKnownFileType = sourcecode.c.h; path = PrefixHeader.pch; sourceTree = "<group>"; };
		2C03A29F1D1BA92D00DC5404 /* name.gif */ = {isa = PBXFileReference; lastKnownFileType = image.gif; path = name.gif; sourceTree = "<group>"; };
		2C070AE71DBF4FD300F1F157 /* VDTextField.h */ = {isa = PBXFileReference; fileEncoding = 4; lastKnownFileType = sourcecode.c.h; path = VDTextField.h; sourceTree = "<group>"; };
		2C070AE81DBF4FD300F1F157 /* VDTextField.m */ = {isa = PBXFileReference; fileEncoding = 4; lastKnownFileType = sourcecode.c.objc; path = VDTextField.m; sourceTree = "<group>"; };
		2C070AEB1DBF4FE000F1F157 /* BDKNotifyHUD.h */ = {isa = PBXFileReference; fileEncoding = 4; lastKnownFileType = sourcecode.c.h; path = BDKNotifyHUD.h; sourceTree = "<group>"; };
		2C070AEC1DBF4FE000F1F157 /* BDKNotifyHUD.m */ = {isa = PBXFileReference; fileEncoding = 4; lastKnownFileType = sourcecode.c.objc; path = BDKNotifyHUD.m; sourceTree = "<group>"; };
		2C070AED1DBF4FE000F1F157 /* KeyChain.h */ = {isa = PBXFileReference; fileEncoding = 4; lastKnownFileType = sourcecode.c.h; path = KeyChain.h; sourceTree = "<group>"; };
		2C070AEE1DBF4FE000F1F157 /* KeyChain.m */ = {isa = PBXFileReference; fileEncoding = 4; lastKnownFileType = sourcecode.c.objc; path = KeyChain.m; sourceTree = "<group>"; };
		2C070AEF1DBF4FE000F1F157 /* NSString+OAURLEncodingAdditions.h */ = {isa = PBXFileReference; fileEncoding = 4; lastKnownFileType = sourcecode.c.h; path = "NSString+OAURLEncodingAdditions.h"; sourceTree = "<group>"; };
		2C070AF01DBF4FE000F1F157 /* NSString+OAURLEncodingAdditions.m */ = {isa = PBXFileReference; fileEncoding = 4; lastKnownFileType = sourcecode.c.objc; path = "NSString+OAURLEncodingAdditions.m"; sourceTree = "<group>"; };
		2C070AF11DBF4FE000F1F157 /* VDCustomAlertView.h */ = {isa = PBXFileReference; fileEncoding = 4; lastKnownFileType = sourcecode.c.h; path = VDCustomAlertView.h; sourceTree = "<group>"; };
		2C070AF21DBF4FE000F1F157 /* VDCustomAlertView.m */ = {isa = PBXFileReference; fileEncoding = 4; lastKnownFileType = sourcecode.c.objc; path = VDCustomAlertView.m; sourceTree = "<group>"; };
		2C0FEEE11D29F42200A7E54D /* NSString+tool.h */ = {isa = PBXFileReference; fileEncoding = 4; lastKnownFileType = sourcecode.c.h; path = "NSString+tool.h"; sourceTree = "<group>"; };
		2C0FEEE21D29F42200A7E54D /* NSString+tool.m */ = {isa = PBXFileReference; fileEncoding = 4; lastKnownFileType = sourcecode.c.objc; path = "NSString+tool.m"; sourceTree = "<group>"; };
		2C0FEEE31D29F42200A7E54D /* UIControl+clickRepeatedly.h */ = {isa = PBXFileReference; fileEncoding = 4; lastKnownFileType = sourcecode.c.h; path = "UIControl+clickRepeatedly.h"; sourceTree = "<group>"; };
		2C0FEEE41D29F42200A7E54D /* UIControl+clickRepeatedly.m */ = {isa = PBXFileReference; fileEncoding = 4; lastKnownFileType = sourcecode.c.objc; path = "UIControl+clickRepeatedly.m"; sourceTree = "<group>"; };
		2C0FEEE51D29F42200A7E54D /* UIImage+tool.h */ = {isa = PBXFileReference; fileEncoding = 4; lastKnownFileType = sourcecode.c.h; path = "UIImage+tool.h"; sourceTree = "<group>"; };
		2C0FEEE61D29F42200A7E54D /* UIImage+tool.m */ = {isa = PBXFileReference; fileEncoding = 4; lastKnownFileType = sourcecode.c.objc; path = "UIImage+tool.m"; sourceTree = "<group>"; };
		2C0FEEE71D29F42200A7E54D /* UIView+EmptyShow.h */ = {isa = PBXFileReference; fileEncoding = 4; lastKnownFileType = sourcecode.c.h; path = "UIView+EmptyShow.h"; sourceTree = "<group>"; };
		2C0FEEE81D29F42200A7E54D /* UIView+EmptyShow.m */ = {isa = PBXFileReference; fileEncoding = 4; lastKnownFileType = sourcecode.c.objc; path = "UIView+EmptyShow.m"; sourceTree = "<group>"; };
		2C0FEEE91D29F42200A7E54D /* UIView+tool.h */ = {isa = PBXFileReference; fileEncoding = 4; lastKnownFileType = sourcecode.c.h; path = "UIView+tool.h"; sourceTree = "<group>"; };
		2C0FEEEA1D29F42200A7E54D /* UIView+tool.m */ = {isa = PBXFileReference; fileEncoding = 4; lastKnownFileType = sourcecode.c.objc; path = "UIView+tool.m"; sourceTree = "<group>"; };
		2C0FEEF11D29F44900A7E54D /* UserInfoModel.h */ = {isa = PBXFileReference; fileEncoding = 4; lastKnownFileType = sourcecode.c.h; path = UserInfoModel.h; sourceTree = "<group>"; };
		2C0FEEF21D29F44900A7E54D /* UserInfoModel.m */ = {isa = PBXFileReference; fileEncoding = 4; lastKnownFileType = sourcecode.c.objc; path = UserInfoModel.m; sourceTree = "<group>"; };
		2C17BD2C1DE05178008C6D8D /* VDGifPlayerTool.h */ = {isa = PBXFileReference; fileEncoding = 4; lastKnownFileType = sourcecode.c.h; path = VDGifPlayerTool.h; sourceTree = "<group>"; };
		2C17BD2D1DE05178008C6D8D /* VDGifPlayerTool.m */ = {isa = PBXFileReference; fileEncoding = 4; lastKnownFileType = sourcecode.c.objc; path = VDGifPlayerTool.m; sourceTree = "<group>"; };
		2C545A381DD565A500E7B31E /* FileManageTool.h */ = {isa = PBXFileReference; fileEncoding = 4; lastKnownFileType = sourcecode.c.h; path = FileManageTool.h; sourceTree = "<group>"; };
		2C545A391DD565A500E7B31E /* FileManageTool.m */ = {isa = PBXFileReference; fileEncoding = 4; lastKnownFileType = sourcecode.c.objc; path = FileManageTool.m; sourceTree = "<group>"; };
		2C545A3A1DD565A500E7B31E /* VDJumpTool.h */ = {isa = PBXFileReference; fileEncoding = 4; lastKnownFileType = sourcecode.c.h; path = VDJumpTool.h; sourceTree = "<group>"; };
		2C545A3B1DD565A500E7B31E /* VDJumpTool.m */ = {isa = PBXFileReference; fileEncoding = 4; lastKnownFileType = sourcecode.c.objc; path = VDJumpTool.m; sourceTree = "<group>"; };
		2C6A93001D2C9A7100A204FF /* RequestTool.h */ = {isa = PBXFileReference; fileEncoding = 4; lastKnownFileType = sourcecode.c.h; path = RequestTool.h; sourceTree = "<group>"; };
		2C6A93011D2C9A7100A204FF /* RequestTool.m */ = {isa = PBXFileReference; fileEncoding = 4; lastKnownFileType = sourcecode.c.objc; path = RequestTool.m; sourceTree = "<group>"; };
		2C6A93031D2CCDB300A204FF /* NSObject+Unicode.h */ = {isa = PBXFileReference; fileEncoding = 4; lastKnownFileType = sourcecode.c.h; path = "NSObject+Unicode.h"; sourceTree = "<group>"; };
		2C6A93041D2CCDB300A204FF /* NSObject+Unicode.m */ = {isa = PBXFileReference; fileEncoding = 4; lastKnownFileType = sourcecode.c.objc; path = "NSObject+Unicode.m"; sourceTree = "<group>"; };
		2C84744A1E348EF400DD5967 /* FMDBTool.h */ = {isa = PBXFileReference; fileEncoding = 4; lastKnownFileType = sourcecode.c.h; path = FMDBTool.h; sourceTree = "<group>"; };
		2C84744B1E348EF400DD5967 /* FMDBTool.m */ = {isa = PBXFileReference; fileEncoding = 4; lastKnownFileType = sourcecode.c.objc; path = FMDBTool.m; sourceTree = "<group>"; };
		2C886E641D2A49D9005A6D36 /* RequestManage.h */ = {isa = PBXFileReference; fileEncoding = 4; lastKnownFileType = sourcecode.c.h; path = RequestManage.h; sourceTree = "<group>"; };
		2C886E651D2A49D9005A6D36 /* RequestManage.m */ = {isa = PBXFileReference; fileEncoding = 4; lastKnownFileType = sourcecode.c.objc; path = RequestManage.m; sourceTree = "<group>"; };
		2C9381AD1D1A94E6009F41C2 /* testToolDemo.app */ = {isa = PBXFileReference; explicitFileType = wrapper.application; includeInIndex = 0; path = testToolDemo.app; sourceTree = BUILT_PRODUCTS_DIR; };
		2C9381B11D1A94E6009F41C2 /* main.m */ = {isa = PBXFileReference; lastKnownFileType = sourcecode.c.objc; path = main.m; sourceTree = "<group>"; };
		2C9381B31D1A94E6009F41C2 /* AppDelegate.h */ = {isa = PBXFileReference; lastKnownFileType = sourcecode.c.h; path = AppDelegate.h; sourceTree = "<group>"; };
		2C9381B41D1A94E6009F41C2 /* AppDelegate.m */ = {isa = PBXFileReference; lastKnownFileType = sourcecode.c.objc; path = AppDelegate.m; sourceTree = "<group>"; };
		2C9381B61D1A94E6009F41C2 /* ViewController.h */ = {isa = PBXFileReference; lastKnownFileType = sourcecode.c.h; path = ViewController.h; sourceTree = "<group>"; };
		2C9381B71D1A94E6009F41C2 /* ViewController.m */ = {isa = PBXFileReference; lastKnownFileType = sourcecode.c.objc; path = ViewController.m; sourceTree = "<group>"; };
		2C9381BA1D1A94E6009F41C2 /* Base */ = {isa = PBXFileReference; lastKnownFileType = file.storyboard; name = Base; path = Base.lproj/Main.storyboard; sourceTree = "<group>"; };
		2C9381BF1D1A94E6009F41C2 /* Base */ = {isa = PBXFileReference; lastKnownFileType = file.storyboard; name = Base; path = Base.lproj/LaunchScreen.storyboard; sourceTree = "<group>"; };
		2C9381C11D1A94E6009F41C2 /* Info.plist */ = {isa = PBXFileReference; lastKnownFileType = text.plist.xml; path = Info.plist; sourceTree = "<group>"; };
		2CE124301D2E1F0000EEB134 /* NSStringUtil.h */ = {isa = PBXFileReference; fileEncoding = 4; lastKnownFileType = sourcecode.c.h; path = NSStringUtil.h; sourceTree = "<group>"; };
		2CE124311D2E1F0000EEB134 /* NSStringUtil.m */ = {isa = PBXFileReference; fileEncoding = 4; lastKnownFileType = sourcecode.c.objc; path = NSStringUtil.m; sourceTree = "<group>"; };
		2CFAB80E1D24FFAA002563AF /* netFail.png */ = {isa = PBXFileReference; lastKnownFileType = image.png; path = netFail.png; sourceTree = "<group>"; };
		2CFAB80F1D24FFAA002563AF /* noOrder.png */ = {isa = PBXFileReference; lastKnownFileType = image.png; path = noOrder.png; sourceTree = "<group>"; };
		A79EA74B683220221B90FB79 /* Pods-testToolDemo.debug.xcconfig */ = {isa = PBXFileReference; includeInIndex = 1; lastKnownFileType = text.xcconfig; name = "Pods-testToolDemo.debug.xcconfig"; path = "Pods/Target Support Files/Pods-testToolDemo/Pods-testToolDemo.debug.xcconfig"; sourceTree = "<group>"; };
		CBF3A2ADE5409E2EE4334F68 /* libPods-testToolDemo.a */ = {isa = PBXFileReference; explicitFileType = archive.ar; includeInIndex = 0; path = "libPods-testToolDemo.a"; sourceTree = BUILT_PRODUCTS_DIR; };
		F911BF799CC8D0366175DA40 /* Pods-testToolDemo.release.xcconfig */ = {isa = PBXFileReference; includeInIndex = 1; lastKnownFileType = text.xcconfig; name = "Pods-testToolDemo.release.xcconfig"; path = "Pods/Target Support Files/Pods-testToolDemo/Pods-testToolDemo.release.xcconfig"; sourceTree = "<group>"; };
/* End PBXFileReference section */

/* Begin PBXFrameworksBuildPhase section */
		2C9381AA1D1A94E6009F41C2 /* Frameworks */ = {
			isa = PBXFrameworksBuildPhase;
			buildActionMask = 2147483647;
			files = (
				7CC7DA764EED8D9ABC368D89 /* libPods-testToolDemo.a in Frameworks */,
			);
			runOnlyForDeploymentPostprocessing = 0;
		};
/* End PBXFrameworksBuildPhase section */

/* Begin PBXGroup section */
		286118C5247ECE2BBCE44495 /* Frameworks */ = {
			isa = PBXGroup;
			children = (
				CBF3A2ADE5409E2EE4334F68 /* libPods-testToolDemo.a */,
			);
			name = Frameworks;
			sourceTree = "<group>";
		};
		2C070AE61DBF4FD300F1F157 /* custom */ = {
			isa = PBXGroup;
			children = (
				2C070AE71DBF4FD300F1F157 /* VDTextField.h */,
				2C070AE81DBF4FD300F1F157 /* VDTextField.m */,
			);
			path = custom;
			sourceTree = "<group>";
		};
		2C070AEA1DBF4FE000F1F157 /* toast */ = {
			isa = PBXGroup;
			children = (
				2C070AEB1DBF4FE000F1F157 /* BDKNotifyHUD.h */,
				2C070AEC1DBF4FE000F1F157 /* BDKNotifyHUD.m */,
				2C070AED1DBF4FE000F1F157 /* KeyChain.h */,
				2C070AEE1DBF4FE000F1F157 /* KeyChain.m */,
				2C070AEF1DBF4FE000F1F157 /* NSString+OAURLEncodingAdditions.h */,
				2C070AF01DBF4FE000F1F157 /* NSString+OAURLEncodingAdditions.m */,
				2C070AF11DBF4FE000F1F157 /* VDCustomAlertView.h */,
				2C070AF21DBF4FE000F1F157 /* VDCustomAlertView.m */,
			);
			path = toast;
			sourceTree = "<group>";
		};
		2C0FEEDF1D29F42200A7E54D /* tool */ = {
			isa = PBXGroup;
			children = (
				2C8474491E348EF400DD5967 /* FMDB */,
				2C070AEA1DBF4FE000F1F157 /* toast */,
				2C070AE61DBF4FD300F1F157 /* custom */,
				2CE1242F1D2E1ED400EEB134 /* util */,
				2C0FEEF41D2A02E600A7E54D /* request */,
				2C0FEEE01D29F42200A7E54D /* category */,
				2C0FEEEB1D29F42200A7E54D /* userInfo */,
			);
			path = tool;
			sourceTree = "<group>";
		};
		2C0FEEE01D29F42200A7E54D /* category */ = {
			isa = PBXGroup;
			children = (
				2C0FEEE11D29F42200A7E54D /* NSString+tool.h */,
				2C0FEEE21D29F42200A7E54D /* NSString+tool.m */,
				2C0FEEE31D29F42200A7E54D /* UIControl+clickRepeatedly.h */,
				2C0FEEE41D29F42200A7E54D /* UIControl+clickRepeatedly.m */,
				2C0FEEE51D29F42200A7E54D /* UIImage+tool.h */,
				2C0FEEE61D29F42200A7E54D /* UIImage+tool.m */,
				2C0FEEE71D29F42200A7E54D /* UIView+EmptyShow.h */,
				2C0FEEE81D29F42200A7E54D /* UIView+EmptyShow.m */,
				2C0FEEE91D29F42200A7E54D /* UIView+tool.h */,
				2C0FEEEA1D29F42200A7E54D /* UIView+tool.m */,
				2C6A93031D2CCDB300A204FF /* NSObject+Unicode.h */,
				2C6A93041D2CCDB300A204FF /* NSObject+Unicode.m */,
			);
			path = category;
			sourceTree = "<group>";
		};
		2C0FEEEB1D29F42200A7E54D /* userInfo */ = {
			isa = PBXGroup;
			children = (
				2C0FEEF11D29F44900A7E54D /* UserInfoModel.h */,
				2C0FEEF21D29F44900A7E54D /* UserInfoModel.m */,
			);
			path = userInfo;
			sourceTree = "<group>";
		};
		2C0FEEF41D2A02E600A7E54D /* request */ = {
			isa = PBXGroup;
			children = (
				2C886E641D2A49D9005A6D36 /* RequestManage.h */,
				2C886E651D2A49D9005A6D36 /* RequestManage.m */,
				2C6A93001D2C9A7100A204FF /* RequestTool.h */,
				2C6A93011D2C9A7100A204FF /* RequestTool.m */,
			);
			path = request;
			sourceTree = "<group>";
		};
		2C8474491E348EF400DD5967 /* FMDB */ = {
			isa = PBXGroup;
			children = (
				2C84744A1E348EF400DD5967 /* FMDBTool.h */,
				2C84744B1E348EF400DD5967 /* FMDBTool.m */,
			);
			path = FMDB;
			sourceTree = "<group>";
		};
		2C9381A41D1A94E6009F41C2 = {
			isa = PBXGroup;
			children = (
				2C9381AF1D1A94E6009F41C2 /* testToolDemo */,
				2C9381AE1D1A94E6009F41C2 /* Products */,
				B172EC1C0233C6E4B76F9C95 /* Pods */,
				286118C5247ECE2BBCE44495 /* Frameworks */,
			);
			sourceTree = "<group>";
		};
		2C9381AE1D1A94E6009F41C2 /* Products */ = {
			isa = PBXGroup;
			children = (
				2C9381AD1D1A94E6009F41C2 /* testToolDemo.app */,
			);
			name = Products;
			sourceTree = "<group>";
		};
		2C9381AF1D1A94E6009F41C2 /* testToolDemo */ = {
			isa = PBXGroup;
			children = (
				2C0FEEDF1D29F42200A7E54D /* tool */,
				2CFAB80D1D24FF99002563AF /* image */,
				2C9381B31D1A94E6009F41C2 /* AppDelegate.h */,
				2C9381B41D1A94E6009F41C2 /* AppDelegate.m */,
				2C9381B61D1A94E6009F41C2 /* ViewController.h */,
				2C9381B71D1A94E6009F41C2 /* ViewController.m */,
				2C9381B91D1A94E6009F41C2 /* Main.storyboard */,
				2C9381BE1D1A94E6009F41C2 /* LaunchScreen.storyboard */,
				2C9381C11D1A94E6009F41C2 /* Info.plist */,
				2C9381B01D1A94E6009F41C2 /* Supporting Files */,
				2C00AA191D23A05F003076E1 /* PrefixHeader.pch */,
			);
			path = testToolDemo;
			sourceTree = "<group>";
		};
		2C9381B01D1A94E6009F41C2 /* Supporting Files */ = {
			isa = PBXGroup;
			children = (
				2C03A29F1D1BA92D00DC5404 /* name.gif */,
				2C9381B11D1A94E6009F41C2 /* main.m */,
			);
			name = "Supporting Files";
			sourceTree = "<group>";
		};
		2CE1242F1D2E1ED400EEB134 /* util */ = {
			isa = PBXGroup;
			children = (
				2C545A381DD565A500E7B31E /* FileManageTool.h */,
				2C545A391DD565A500E7B31E /* FileManageTool.m */,
				2C545A3A1DD565A500E7B31E /* VDJumpTool.h */,
				2C545A3B1DD565A500E7B31E /* VDJumpTool.m */,
				2CE124301D2E1F0000EEB134 /* NSStringUtil.h */,
				2CE124311D2E1F0000EEB134 /* NSStringUtil.m */,
				2C17BD2C1DE05178008C6D8D /* VDGifPlayerTool.h */,
				2C17BD2D1DE05178008C6D8D /* VDGifPlayerTool.m */,
			);
			path = util;
			sourceTree = "<group>";
		};
		2CFAB80D1D24FF99002563AF /* image */ = {
			isa = PBXGroup;
			children = (
				2CFAB80E1D24FFAA002563AF /* netFail.png */,
				2CFAB80F1D24FFAA002563AF /* noOrder.png */,
			);
			name = image;
			sourceTree = "<group>";
		};
		B172EC1C0233C6E4B76F9C95 /* Pods */ = {
			isa = PBXGroup;
			children = (
				A79EA74B683220221B90FB79 /* Pods-testToolDemo.debug.xcconfig */,
				F911BF799CC8D0366175DA40 /* Pods-testToolDemo.release.xcconfig */,
			);
			name = Pods;
			sourceTree = "<group>";
		};
/* End PBXGroup section */

/* Begin PBXNativeTarget section */
		2C9381AC1D1A94E6009F41C2 /* testToolDemo */ = {
			isa = PBXNativeTarget;
			buildConfigurationList = 2C9381C41D1A94E6009F41C2 /* Build configuration list for PBXNativeTarget "testToolDemo" */;
			buildPhases = (
				D7AAF0BC5BB0307789678AE0 /* [CP] Check Pods Manifest.lock */,
				2C9381A91D1A94E6009F41C2 /* Sources */,
				2C9381AA1D1A94E6009F41C2 /* Frameworks */,
				2C9381AB1D1A94E6009F41C2 /* Resources */,
				5D7172E19DEEC7D845EE2540 /* [CP] Embed Pods Frameworks */,
				09F763F912468C95412F63EC /* [CP] Copy Pods Resources */,
			);
			buildRules = (
			);
			dependencies = (
			);
			name = testToolDemo;
			productName = testToolDemo;
			productReference = 2C9381AD1D1A94E6009F41C2 /* testToolDemo.app */;
			productType = "com.apple.product-type.application";
		};
/* End PBXNativeTarget section */

/* Begin PBXProject section */
		2C9381A51D1A94E6009F41C2 /* Project object */ = {
			isa = PBXProject;
			attributes = {
				LastUpgradeCheck = 0730;
				ORGANIZATIONNAME = volientDuan;
				TargetAttributes = {
					2C9381AC1D1A94E6009F41C2 = {
						CreatedOnToolsVersion = 7.3;
						DevelopmentTeam = M6Z935H8QD;
					};
				};
			};
			buildConfigurationList = 2C9381A81D1A94E6009F41C2 /* Build configuration list for PBXProject "testToolDemo" */;
			compatibilityVersion = "Xcode 3.2";
			developmentRegion = English;
			hasScannedForEncodings = 0;
			knownRegions = (
				en,
				Base,
			);
			mainGroup = 2C9381A41D1A94E6009F41C2;
			productRefGroup = 2C9381AE1D1A94E6009F41C2 /* Products */;
			projectDirPath = "";
			projectRoot = "";
			targets = (
				2C9381AC1D1A94E6009F41C2 /* testToolDemo */,
			);
		};
/* End PBXProject section */

/* Begin PBXResourcesBuildPhase section */
		2C9381AB1D1A94E6009F41C2 /* Resources */ = {
			isa = PBXResourcesBuildPhase;
			buildActionMask = 2147483647;
			files = (
				2C9381C01D1A94E6009F41C2 /* LaunchScreen.storyboard in Resources */,
				2C03A2A01D1BA92D00DC5404 /* name.gif in Resources */,
				2CFAB8111D24FFAA002563AF /* noOrder.png in Resources */,
				2C9381BB1D1A94E6009F41C2 /* Main.storyboard in Resources */,
				2CFAB8101D24FFAA002563AF /* netFail.png in Resources */,
			);
			runOnlyForDeploymentPostprocessing = 0;
		};
/* End PBXResourcesBuildPhase section */

/* Begin PBXShellScriptBuildPhase section */
		09F763F912468C95412F63EC /* [CP] Copy Pods Resources */ = {
			isa = PBXShellScriptBuildPhase;
			buildActionMask = 2147483647;
			files = (
			);
			inputPaths = (
			);
			name = "[CP] Copy Pods Resources";
			outputPaths = (
			);
			runOnlyForDeploymentPostprocessing = 0;
			shellPath = /bin/sh;
			shellScript = "\"${SRCROOT}/Pods/Target Support Files/Pods-testToolDemo/Pods-testToolDemo-resources.sh\"\n";
			showEnvVarsInLog = 0;
		};
		5D7172E19DEEC7D845EE2540 /* [CP] Embed Pods Frameworks */ = {
			isa = PBXShellScriptBuildPhase;
			buildActionMask = 2147483647;
			files = (
			);
			inputPaths = (
			);
			name = "[CP] Embed Pods Frameworks";
			outputPaths = (
			);
			runOnlyForDeploymentPostprocessing = 0;
			shellPath = /bin/sh;
			shellScript = "\"${SRCROOT}/Pods/Target Support Files/Pods-testToolDemo/Pods-testToolDemo-frameworks.sh\"\n";
			showEnvVarsInLog = 0;
		};
		D7AAF0BC5BB0307789678AE0 /* [CP] Check Pods Manifest.lock */ = {
			isa = PBXShellScriptBuildPhase;
			buildActionMask = 2147483647;
			files = (
			);
			inputPaths = (
			);
			name = "[CP] Check Pods Manifest.lock";
			outputPaths = (
			);
			runOnlyForDeploymentPostprocessing = 0;
			shellPath = /bin/sh;
			shellScript = "diff \"${PODS_ROOT}/../Podfile.lock\" \"${PODS_ROOT}/Manifest.lock\" > /dev/null\nif [ $? != 0 ] ; then\n    # print error to STDERR\n    echo \"error: The sandbox is not in sync with the Podfile.lock. Run 'pod install' or update your CocoaPods installation.\" >&2\n    exit 1\nfi\n";
			showEnvVarsInLog = 0;
		};
/* End PBXShellScriptBuildPhase section */

/* Begin PBXSourcesBuildPhase section */
		2C9381A91D1A94E6009F41C2 /* Sources */ = {
			isa = PBXSourcesBuildPhase;
			buildActionMask = 2147483647;
			files = (
				2C9381B81D1A94E6009F41C2 /* ViewController.m in Sources */,
				2C070AF41DBF4FE000F1F157 /* KeyChain.m in Sources */,
				2C070AF31DBF4FE000F1F157 /* BDKNotifyHUD.m in Sources */,
				2C070AF51DBF4FE000F1F157 /* NSString+OAURLEncodingAdditions.m in Sources */,
				2C9381B51D1A94E6009F41C2 /* AppDelegate.m in Sources */,
				2C0FEEF31D29F44900A7E54D /* UserInfoModel.m in Sources */,
				2C17BD2E1DE05178008C6D8D /* VDGifPlayerTool.m in Sources */,
				2C070AE91DBF4FD300F1F157 /* VDTextField.m in Sources */,
				2C545A3D1DD565A500E7B31E /* VDJumpTool.m in Sources */,
				2C6A93021D2C9A7100A204FF /* RequestTool.m in Sources */,
				2CE124321D2E1F0000EEB134 /* NSStringUtil.m in Sources */,
				2C0FEEF01D29F42200A7E54D /* UIView+tool.m in Sources */,
				2C545A3C1DD565A500E7B31E /* FileManageTool.m in Sources */,
				2C070AF61DBF4FE000F1F157 /* VDCustomAlertView.m in Sources */,
				2C84744C1E348EF400DD5967 /* FMDBTool.m in Sources */,
				2C9381B21D1A94E6009F41C2 /* main.m in Sources */,
				2C0FEEEC1D29F42200A7E54D /* NSString+tool.m in Sources */,
				2C6A93051D2CCDB300A204FF /* NSObject+Unicode.m in Sources */,
				2C886E661D2A49D9005A6D36 /* RequestManage.m in Sources */,
				2C0FEEEF1D29F42200A7E54D /* UIView+EmptyShow.m in Sources */,
				2C0FEEED1D29F42200A7E54D /* UIControl+clickRepeatedly.m in Sources */,
				2C0FEEEE1D29F42200A7E54D /* UIImage+tool.m in Sources */,
			);
			runOnlyForDeploymentPostprocessing = 0;
		};
/* End PBXSourcesBuildPhase section */

/* Begin PBXVariantGroup section */
		2C9381B91D1A94E6009F41C2 /* Main.storyboard */ = {
			isa = PBXVariantGroup;
			children = (
				2C9381BA1D1A94E6009F41C2 /* Base */,
			);
			name = Main.storyboard;
			sourceTree = "<group>";
		};
		2C9381BE1D1A94E6009F41C2 /* LaunchScreen.storyboard */ = {
			isa = PBXVariantGroup;
			children = (
				2C9381BF1D1A94E6009F41C2 /* Base */,
			);
			name = LaunchScreen.storyboard;
			sourceTree = "<group>";
		};
/* End PBXVariantGroup section */

/* Begin XCBuildConfiguration section */
		2C9381C21D1A94E6009F41C2 /* Debug */ = {
			isa = XCBuildConfiguration;
			buildSettings = {
				ALWAYS_SEARCH_USER_PATHS = NO;
				CLANG_ANALYZER_NONNULL = YES;
				CLANG_CXX_LANGUAGE_STANDARD = "gnu++0x";
				CLANG_CXX_LIBRARY = "libc++";
				CLANG_ENABLE_MODULES = YES;
				CLANG_ENABLE_OBJC_ARC = YES;
				CLANG_WARN_BOOL_CONVERSION = YES;
				CLANG_WARN_CONSTANT_CONVERSION = YES;
				CLANG_WARN_DIRECT_OBJC_ISA_USAGE = YES_ERROR;
				CLANG_WARN_EMPTY_BODY = YES;
				CLANG_WARN_ENUM_CONVERSION = YES;
				CLANG_WARN_INT_CONVERSION = YES;
				CLANG_WARN_OBJC_ROOT_CLASS = YES_ERROR;
				CLANG_WARN_UNREACHABLE_CODE = YES;
				CLANG_WARN__DUPLICATE_METHOD_MATCH = YES;
				"CODE_SIGN_IDENTITY[sdk=iphoneos*]" = "iPhone Developer";
				COPY_PHASE_STRIP = NO;
				DEBUG_INFORMATION_FORMAT = dwarf;
				ENABLE_STRICT_OBJC_MSGSEND = YES;
				ENABLE_TESTABILITY = YES;
				GCC_C_LANGUAGE_STANDARD = gnu99;
				GCC_DYNAMIC_NO_PIC = NO;
				GCC_NO_COMMON_BLOCKS = YES;
				GCC_OPTIMIZATION_LEVEL = 0;
				GCC_PREPROCESSOR_DEFINITIONS = (
					"DEBUG=1",
					"$(inherited)",
				);
				GCC_WARN_64_TO_32_BIT_CONVERSION = YES;
				GCC_WARN_ABOUT_RETURN_TYPE = YES_ERROR;
				GCC_WARN_UNDECLARED_SELECTOR = YES;
				GCC_WARN_UNINITIALIZED_AUTOS = YES_AGGRESSIVE;
				GCC_WARN_UNUSED_FUNCTION = YES;
				GCC_WARN_UNUSED_VARIABLE = YES;
				IPHONEOS_DEPLOYMENT_TARGET = 7.1;
				MTL_ENABLE_DEBUG_INFO = YES;
				ONLY_ACTIVE_ARCH = YES;
				SDKROOT = iphoneos;
				TARGETED_DEVICE_FAMILY = "1,2";
			};
			name = Debug;
		};
		2C9381C31D1A94E6009F41C2 /* Release */ = {
			isa = XCBuildConfiguration;
			buildSettings = {
				ALWAYS_SEARCH_USER_PATHS = NO;
				CLANG_ANALYZER_NONNULL = YES;
				CLANG_CXX_LANGUAGE_STANDARD = "gnu++0x";
				CLANG_CXX_LIBRARY = "libc++";
				CLANG_ENABLE_MODULES = YES;
				CLANG_ENABLE_OBJC_ARC = YES;
				CLANG_WARN_BOOL_CONVERSION = YES;
				CLANG_WARN_CONSTANT_CONVERSION = YES;
				CLANG_WARN_DIRECT_OBJC_ISA_USAGE = YES_ERROR;
				CLANG_WARN_EMPTY_BODY = YES;
				CLANG_WARN_ENUM_CONVERSION = YES;
				CLANG_WARN_INT_CONVERSION = YES;
				CLANG_WARN_OBJC_ROOT_CLASS = YES_ERROR;
				CLANG_WARN_UNREACHABLE_CODE = YES;
				CLANG_WARN__DUPLICATE_METHOD_MATCH = YES;
				"CODE_SIGN_IDENTITY[sdk=iphoneos*]" = "iPhone Developer";
				COPY_PHASE_STRIP = NO;
				DEBUG_INFORMATION_FORMAT = "dwarf-with-dsym";
				ENABLE_NS_ASSERTIONS = NO;
				ENABLE_STRICT_OBJC_MSGSEND = YES;
				GCC_C_LANGUAGE_STANDARD = gnu99;
				GCC_NO_COMMON_BLOCKS = YES;
				GCC_WARN_64_TO_32_BIT_CONVERSION = YES;
				GCC_WARN_ABOUT_RETURN_TYPE = YES_ERROR;
				GCC_WARN_UNDECLARED_SELECTOR = YES;
				GCC_WARN_UNINITIALIZED_AUTOS = YES_AGGRESSIVE;
				GCC_WARN_UNUSED_FUNCTION = YES;
				GCC_WARN_UNUSED_VARIABLE = YES;
				IPHONEOS_DEPLOYMENT_TARGET = 7.1;
				MTL_ENABLE_DEBUG_INFO = NO;
				SDKROOT = iphoneos;
				TARGETED_DEVICE_FAMILY = "1,2";
				VALIDATE_PRODUCT = YES;
			};
			name = Release;
		};
		2C9381C51D1A94E6009F41C2 /* Debug */ = {
			isa = XCBuildConfiguration;
			baseConfigurationReference = A79EA74B683220221B90FB79 /* Pods-testToolDemo.debug.xcconfig */;
			buildSettings = {
				ASSETCATALOG_COMPILER_APPICON_NAME = AppIcon;
				DEVELOPMENT_TEAM = M6Z935H8QD;
				FRAMEWORK_SEARCH_PATHS = (
					"$(inherited)",
					"$(PROJECT_DIR)/testToolDemo",
					"\"${PODS_ROOT}/Headers/Public/Masonry\"",
					"$(PROJECT_DIR)",
				);
				GCC_PREFIX_HEADER = testToolDemo/PrefixHeader.pch;
				HEADER_SEARCH_PATHS = "$(inherited)";
				INFOPLIST_FILE = testToolDemo/Info.plist;
				LD_RUNPATH_SEARCH_PATHS = "$(inherited) @executable_path/Frameworks";
				LIBRARY_SEARCH_PATHS = "$(inherited)";
				OTHER_LDFLAGS = (
					"-all_load",
					"-ObjC",
					"$(inherited)",
				);
				PRODUCT_BUNDLE_IDENTIFIER = com.volientDuan.testToolDemo;
				PRODUCT_NAME = "$(TARGET_NAME)";
			};
			name = Debug;
		};
		2C9381C61D1A94E6009F41C2 /* Release */ = {
			isa = XCBuildConfiguration;
			baseConfigurationReference = F911BF799CC8D0366175DA40 /* Pods-testToolDemo.release.xcconfig */;
			buildSettings = {
				ASSETCATALOG_COMPILER_APPICON_NAME = AppIcon;
				DEVELOPMENT_TEAM = M6Z935H8QD;
				FRAMEWORK_SEARCH_PATHS = (
					"$(inherited)",
					"$(PROJECT_DIR)/testToolDemo",
					"\"${PODS_ROOT}/Headers/Public/Masonry\"",
					"$(PROJECT_DIR)",
				);
				GCC_PREFIX_HEADER = testToolDemo/PrefixHeader.pch;
				HEADER_SEARCH_PATHS = "$(inherited)";
				INFOPLIST_FILE = testToolDemo/Info.plist;
				LD_RUNPATH_SEARCH_PATHS = "$(inherited) @executable_path/Frameworks";
				LIBRARY_SEARCH_PATHS = "$(inherited)";
				OTHER_LDFLAGS = (
					"-all_load",
					"-ObjC",
					"$(inherited)",
				);
				PRODUCT_BUNDLE_IDENTIFIER = com.volientDuan.testToolDemo;
				PRODUCT_NAME = "$(TARGET_NAME)";
			};
			name = Release;
		};
/* End XCBuildConfiguration section */

/* Begin XCConfigurationList section */
		2C9381A81D1A94E6009F41C2 /* Build configuration list for PBXProject "testToolDemo" */ = {
			isa = XCConfigurationList;
			buildConfigurations = (
				2C9381C21D1A94E6009F41C2 /* Debug */,
				2C9381C31D1A94E6009F41C2 /* Release */,
			);
			defaultConfigurationIsVisible = 0;
			defaultConfigurationName = Release;
		};
		2C9381C41D1A94E6009F41C2 /* Build configuration list for PBXNativeTarget "testToolDemo" */ = {
			isa = XCConfigurationList;
			buildConfigurations = (
				2C9381C51D1A94E6009F41C2 /* Debug */,
				2C9381C61D1A94E6009F41C2 /* Release */,
			);
			defaultConfigurationIsVisible = 0;
			defaultConfigurationName = Release;
		};
/* End XCConfigurationList section */
	};
	rootObject = 2C9381A51D1A94E6009F41C2 /* Project object */;
}
