// !$*UTF8*$!
{
	archiveVersion = 1;
	classes = {
	};
	objectVersion = 46;
	objects = {

/* Begin PBXBuildFile section */
		2C00AA161D23A034003076E1 /* NSString+tool.m in Sources */ = {isa = PBXBuildFile; fileRef = 2C00AA111D23A034003076E1 /* NSString+tool.m */; };
		2C00AA171D23A034003076E1 /* UIImage+tool.m in Sources */ = {isa = PBXBuildFile; fileRef = 2C00AA131D23A034003076E1 /* UIImage+tool.m */; };
		2C00AA181D23A034003076E1 /* UIView+tool.m in Sources */ = {isa = PBXBuildFile; fileRef = 2C00AA151D23A034003076E1 /* UIView+tool.m */; };
		2C03A2A01D1BA92D00DC5404 /* name.gif in Resources */ = {isa = PBXBuildFile; fileRef = 2C03A29F1D1BA92D00DC5404 /* name.gif */; };
		2C9381B21D1A94E6009F41C2 /* main.m in Sources */ = {isa = PBXBuildFile; fileRef = 2C9381B11D1A94E6009F41C2 /* main.m */; };
		2C9381B51D1A94E6009F41C2 /* AppDelegate.m in Sources */ = {isa = PBXBuildFile; fileRef = 2C9381B41D1A94E6009F41C2 /* AppDelegate.m */; };
		2C9381B81D1A94E6009F41C2 /* ViewController.m in Sources */ = {isa = PBXBuildFile; fileRef = 2C9381B71D1A94E6009F41C2 /* ViewController.m */; };
		2C9381BB1D1A94E6009F41C2 /* Main.storyboard in Resources */ = {isa = PBXBuildFile; fileRef = 2C9381B91D1A94E6009F41C2 /* Main.storyboard */; };
		2C9381BD1D1A94E6009F41C2 /* Assets.xcassets in Resources */ = {isa = PBXBuildFile; fileRef = 2C9381BC1D1A94E6009F41C2 /* Assets.xcassets */; };
		2C9381C01D1A94E6009F41C2 /* LaunchScreen.storyboard in Resources */ = {isa = PBXBuildFile; fileRef = 2C9381BE1D1A94E6009F41C2 /* LaunchScreen.storyboard */; };
		2CFAB80C1D24F8AD002563AF /* UIView+EmptyShow.m in Sources */ = {isa = PBXBuildFile; fileRef = 2CFAB80B1D24F8AD002563AF /* UIView+EmptyShow.m */; };
		2CFAB8101D24FFAA002563AF /* netFail.png in Resources */ = {isa = PBXBuildFile; fileRef = 2CFAB80E1D24FFAA002563AF /* netFail.png */; };
		2CFAB8111D24FFAA002563AF /* noOrder.png in Resources */ = {isa = PBXBuildFile; fileRef = 2CFAB80F1D24FFAA002563AF /* noOrder.png */; };
		9928F2CC797A4DD90F2A4589 /* libPods.a in Frameworks */ = {isa = PBXBuildFile; fileRef = C0A5522ED1CA4E31FCE915D0 /* libPods.a */; };
/* End PBXBuildFile section */

/* Begin PBXFileReference section */
		263243D356B10090C23BEA14 /* Pods.debug.xcconfig */ = {isa = PBXFileReference; includeInIndex = 1; lastKnownFileType = text.xcconfig; name = Pods.debug.xcconfig; path = "Pods/Target Support Files/Pods/Pods.debug.xcconfig"; sourceTree = "<group>"; };
		2C00AA101D23A034003076E1 /* NSString+tool.h */ = {isa = PBXFileReference; fileEncoding = 4; lastKnownFileType = sourcecode.c.h; path = "NSString+tool.h"; sourceTree = "<group>"; };
		2C00AA111D23A034003076E1 /* NSString+tool.m */ = {isa = PBXFileReference; fileEncoding = 4; lastKnownFileType = sourcecode.c.objc; path = "NSString+tool.m"; sourceTree = "<group>"; };
		2C00AA121D23A034003076E1 /* UIImage+tool.h */ = {isa = PBXFileReference; fileEncoding = 4; lastKnownFileType = sourcecode.c.h; path = "UIImage+tool.h"; sourceTree = "<group>"; };
		2C00AA131D23A034003076E1 /* UIImage+tool.m */ = {isa = PBXFileReference; fileEncoding = 4; lastKnownFileType = sourcecode.c.objc; path = "UIImage+tool.m"; sourceTree = "<group>"; };
		2C00AA141D23A034003076E1 /* UIView+tool.h */ = {isa = PBXFileReference; fileEncoding = 4; lastKnownFileType = sourcecode.c.h; path = "UIView+tool.h"; sourceTree = "<group>"; };
		2C00AA151D23A034003076E1 /* UIView+tool.m */ = {isa = PBXFileReference; fileEncoding = 4; lastKnownFileType = sourcecode.c.objc; path = "UIView+tool.m"; sourceTree = "<group>"; };
		2C00AA191D23A05F003076E1 /* PrefixHeader.pch */ = {isa = PBXFileReference; lastKnownFileType = sourcecode.c.h; path = PrefixHeader.pch; sourceTree = "<group>"; };
		2C03A29F1D1BA92D00DC5404 /* name.gif */ = {isa = PBXFileReference; lastKnownFileType = image.gif; path = name.gif; sourceTree = "<group>"; };
		2C9381AD1D1A94E6009F41C2 /* testToolDemo.app */ = {isa = PBXFileReference; explicitFileType = wrapper.application; includeInIndex = 0; path = testToolDemo.app; sourceTree = BUILT_PRODUCTS_DIR; };
		2C9381B11D1A94E6009F41C2 /* main.m */ = {isa = PBXFileReference; lastKnownFileType = sourcecode.c.objc; path = main.m; sourceTree = "<group>"; };
		2C9381B31D1A94E6009F41C2 /* AppDelegate.h */ = {isa = PBXFileReference; lastKnownFileType = sourcecode.c.h; path = AppDelegate.h; sourceTree = "<group>"; };
		2C9381B41D1A94E6009F41C2 /* AppDelegate.m */ = {isa = PBXFileReference; lastKnownFileType = sourcecode.c.objc; path = AppDelegate.m; sourceTree = "<group>"; };
		2C9381B61D1A94E6009F41C2 /* ViewController.h */ = {isa = PBXFileReference; lastKnownFileType = sourcecode.c.h; path = ViewController.h; sourceTree = "<group>"; };
		2C9381B71D1A94E6009F41C2 /* ViewController.m */ = {isa = PBXFileReference; lastKnownFileType = sourcecode.c.objc; path = ViewController.m; sourceTree = "<group>"; };
		2C9381BA1D1A94E6009F41C2 /* Base */ = {isa = PBXFileReference; lastKnownFileType = file.storyboard; name = Base; path = Base.lproj/Main.storyboard; sourceTree = "<group>"; };
		2C9381BC1D1A94E6009F41C2 /* Assets.xcassets */ = {isa = PBXFileReference; lastKnownFileType = folder.assetcatalog; path = Assets.xcassets; sourceTree = "<group>"; };
		2C9381BF1D1A94E6009F41C2 /* Base */ = {isa = PBXFileReference; lastKnownFileType = file.storyboard; name = Base; path = Base.lproj/LaunchScreen.storyboard; sourceTree = "<group>"; };
		2C9381C11D1A94E6009F41C2 /* Info.plist */ = {isa = PBXFileReference; lastKnownFileType = text.plist.xml; path = Info.plist; sourceTree = "<group>"; };
		2CFAB80A1D24F8AD002563AF /* UIView+EmptyShow.h */ = {isa = PBXFileReference; fileEncoding = 4; lastKnownFileType = sourcecode.c.h; path = "UIView+EmptyShow.h"; sourceTree = "<group>"; };
		2CFAB80B1D24F8AD002563AF /* UIView+EmptyShow.m */ = {isa = PBXFileReference; fileEncoding = 4; lastKnownFileType = sourcecode.c.objc; path = "UIView+EmptyShow.m"; sourceTree = "<group>"; };
		2CFAB80E1D24FFAA002563AF /* netFail.png */ = {isa = PBXFileReference; lastKnownFileType = image.png; path = netFail.png; sourceTree = "<group>"; };
		2CFAB80F1D24FFAA002563AF /* noOrder.png */ = {isa = PBXFileReference; lastKnownFileType = image.png; path = noOrder.png; sourceTree = "<group>"; };
		B4EA5C0955EE1938A1D6F5B9 /* Pods.release.xcconfig */ = {isa = PBXFileReference; includeInIndex = 1; lastKnownFileType = text.xcconfig; name = Pods.release.xcconfig; path = "Pods/Target Support Files/Pods/Pods.release.xcconfig"; sourceTree = "<group>"; };
		C0A5522ED1CA4E31FCE915D0 /* libPods.a */ = {isa = PBXFileReference; explicitFileType = archive.ar; includeInIndex = 0; path = libPods.a; sourceTree = BUILT_PRODUCTS_DIR; };
/* End PBXFileReference section */

/* Begin PBXFrameworksBuildPhase section */
		2C9381AA1D1A94E6009F41C2 /* Frameworks */ = {
			isa = PBXFrameworksBuildPhase;
			buildActionMask = 2147483647;
			files = (
				9928F2CC797A4DD90F2A4589 /* libPods.a in Frameworks */,
			);
			runOnlyForDeploymentPostprocessing = 0;
		};
/* End PBXFrameworksBuildPhase section */

/* Begin PBXGroup section */
		2C00AA0F1D23A034003076E1 /* tool */ = {
			isa = PBXGroup;
			children = (
				2CFAB80A1D24F8AD002563AF /* UIView+EmptyShow.h */,
				2CFAB80B1D24F8AD002563AF /* UIView+EmptyShow.m */,
				2C00AA101D23A034003076E1 /* NSString+tool.h */,
				2C00AA111D23A034003076E1 /* NSString+tool.m */,
				2C00AA121D23A034003076E1 /* UIImage+tool.h */,
				2C00AA131D23A034003076E1 /* UIImage+tool.m */,
				2C00AA141D23A034003076E1 /* UIView+tool.h */,
				2C00AA151D23A034003076E1 /* UIView+tool.m */,
			);
			path = tool;
			sourceTree = "<group>";
		};
		2C9381A41D1A94E6009F41C2 = {
			isa = PBXGroup;
			children = (
				2C9381AF1D1A94E6009F41C2 /* testToolDemo */,
				2C9381AE1D1A94E6009F41C2 /* Products */,
				504AAF62512AEE73A5D3C7C0 /* Pods */,
				86429CF69E8FEA0C4AC3E1B6 /* Frameworks */,
			);
			sourceTree = "<group>";
		};
		2C9381AE1D1A94E6009F41C2 /* Products */ = {
			isa = PBXGroup;
			children = (
				2C9381AD1D1A94E6009F41C2 /* testToolDemo.app */,
			);
			name = Products;
			sourceTree = "<group>";
		};
		2C9381AF1D1A94E6009F41C2 /* testToolDemo */ = {
			isa = PBXGroup;
			children = (
				2CFAB80D1D24FF99002563AF /* image */,
				2C00AA0F1D23A034003076E1 /* tool */,
				2C9381B31D1A94E6009F41C2 /* AppDelegate.h */,
				2C9381B41D1A94E6009F41C2 /* AppDelegate.m */,
				2C9381B61D1A94E6009F41C2 /* ViewController.h */,
				2C9381B71D1A94E6009F41C2 /* ViewController.m */,
				2C9381B91D1A94E6009F41C2 /* Main.storyboard */,
				2C9381BC1D1A94E6009F41C2 /* Assets.xcassets */,
				2C9381BE1D1A94E6009F41C2 /* LaunchScreen.storyboard */,
				2C9381C11D1A94E6009F41C2 /* Info.plist */,
				2C9381B01D1A94E6009F41C2 /* Supporting Files */,
				2C00AA191D23A05F003076E1 /* PrefixHeader.pch */,
			);
			path = testToolDemo;
			sourceTree = "<group>";
		};
		2C9381B01D1A94E6009F41C2 /* Supporting Files */ = {
			isa = PBXGroup;
			children = (
				2C03A29F1D1BA92D00DC5404 /* name.gif */,
				2C9381B11D1A94E6009F41C2 /* main.m */,
			);
			name = "Supporting Files";
			sourceTree = "<group>";
		};
		2CFAB80D1D24FF99002563AF /* image */ = {
			isa = PBXGroup;
			children = (
				2CFAB80E1D24FFAA002563AF /* netFail.png */,
				2CFAB80F1D24FFAA002563AF /* noOrder.png */,
			);
			name = image;
			sourceTree = "<group>";
		};
		504AAF62512AEE73A5D3C7C0 /* Pods */ = {
			isa = PBXGroup;
			children = (
				263243D356B10090C23BEA14 /* Pods.debug.xcconfig */,
				B4EA5C0955EE1938A1D6F5B9 /* Pods.release.xcconfig */,
			);
			name = Pods;
			sourceTree = "<group>";
		};
		86429CF69E8FEA0C4AC3E1B6 /* Frameworks */ = {
			isa = PBXGroup;
			children = (
				C0A5522ED1CA4E31FCE915D0 /* libPods.a */,
			);
			name = Frameworks;
			sourceTree = "<group>";
		};
/* End PBXGroup section */

/* Begin PBXNativeTarget section */
		2C9381AC1D1A94E6009F41C2 /* testToolDemo */ = {
			isa = PBXNativeTarget;
			buildConfigurationList = 2C9381C41D1A94E6009F41C2 /* Build configuration list for PBXNativeTarget "testToolDemo" */;
			buildPhases = (
				4E27CA3E96C30FAD04071C3B /* Check Pods Manifest.lock */,
				2C9381A91D1A94E6009F41C2 /* Sources */,
				2C9381AA1D1A94E6009F41C2 /* Frameworks */,
				2C9381AB1D1A94E6009F41C2 /* Resources */,
				FBA10E9423C93B4D2C5DAAFE /* Embed Pods Frameworks */,
				C9F8B354252D11F6CF81D343 /* Copy Pods Resources */,
			);
			buildRules = (
			);
			dependencies = (
			);
			name = testToolDemo;
			productName = testToolDemo;
			productReference = 2C9381AD1D1A94E6009F41C2 /* testToolDemo.app */;
			productType = "com.apple.product-type.application";
		};
/* End PBXNativeTarget section */

/* Begin PBXProject section */
		2C9381A51D1A94E6009F41C2 /* Project object */ = {
			isa = PBXProject;
			attributes = {
				LastUpgradeCheck = 0730;
				ORGANIZATIONNAME = volientDuan;
				TargetAttributes = {
					2C9381AC1D1A94E6009F41C2 = {
						CreatedOnToolsVersion = 7.3;
					};
				};
			};
			buildConfigurationList = 2C9381A81D1A94E6009F41C2 /* Build configuration list for PBXProject "testToolDemo" */;
			compatibilityVersion = "Xcode 3.2";
			developmentRegion = English;
			hasScannedForEncodings = 0;
			knownRegions = (
				en,
				Base,
			);
			mainGroup = 2C9381A41D1A94E6009F41C2;
			productRefGroup = 2C9381AE1D1A94E6009F41C2 /* Products */;
			projectDirPath = "";
			projectRoot = "";
			targets = (
				2C9381AC1D1A94E6009F41C2 /* testToolDemo */,
			);
		};
/* End PBXProject section */

/* Begin PBXResourcesBuildPhase section */
		2C9381AB1D1A94E6009F41C2 /* Resources */ = {
			isa = PBXResourcesBuildPhase;
			buildActionMask = 2147483647;
			files = (
				2C9381C01D1A94E6009F41C2 /* LaunchScreen.storyboard in Resources */,
				2C03A2A01D1BA92D00DC5404 /* name.gif in Resources */,
				2C9381BD1D1A94E6009F41C2 /* Assets.xcassets in Resources */,
				2CFAB8111D24FFAA002563AF /* noOrder.png in Resources */,
				2C9381BB1D1A94E6009F41C2 /* Main.storyboard in Resources */,
				2CFAB8101D24FFAA002563AF /* netFail.png in Resources */,
			);
			runOnlyForDeploymentPostprocessing = 0;
		};
/* End PBXResourcesBuildPhase section */

/* Begin PBXShellScriptBuildPhase section */
		4E27CA3E96C30FAD04071C3B /* Check Pods Manifest.lock */ = {
			isa = PBXShellScriptBuildPhase;
			buildActionMask = 2147483647;
			files = (
			);
			inputPaths = (
			);
			name = "Check Pods Manifest.lock";
			outputPaths = (
			);
			runOnlyForDeploymentPostprocessing = 0;
			shellPath = /bin/sh;
			shellScript = "diff \"${PODS_ROOT}/../Podfile.lock\" \"${PODS_ROOT}/Manifest.lock\" > /dev/null\nif [[ $? != 0 ]] ; then\n    cat << EOM\nerror: The sandbox is not in sync with the Podfile.lock. Run 'pod install' or update your CocoaPods installation.\nEOM\n    exit 1\nfi\n";
			showEnvVarsInLog = 0;
		};
		C9F8B354252D11F6CF81D343 /* Copy Pods Resources */ = {
			isa = PBXShellScriptBuildPhase;
			buildActionMask = 2147483647;
			files = (
			);
			inputPaths = (
			);
			name = "Copy Pods Resources";
			outputPaths = (
			);
			runOnlyForDeploymentPostprocessing = 0;
			shellPath = /bin/sh;
			shellScript = "\"${SRCROOT}/Pods/Target Support Files/Pods/Pods-resources.sh\"\n";
			showEnvVarsInLog = 0;
		};
		FBA10E9423C93B4D2C5DAAFE /* Embed Pods Frameworks */ = {
			isa = PBXShellScriptBuildPhase;
			buildActionMask = 2147483647;
			files = (
			);
			inputPaths = (
			);
			name = "Embed Pods Frameworks";
			outputPaths = (
			);
			runOnlyForDeploymentPostprocessing = 0;
			shellPath = /bin/sh;
			shellScript = "\"${SRCROOT}/Pods/Target Support Files/Pods/Pods-frameworks.sh\"\n";
			showEnvVarsInLog = 0;
		};
/* End PBXShellScriptBuildPhase section */

/* Begin PBXSourcesBuildPhase section */
		2C9381A91D1A94E6009F41C2 /* Sources */ = {
			isa = PBXSourcesBuildPhase;
			buildActionMask = 2147483647;
			files = (
				2C00AA181D23A034003076E1 /* UIView+tool.m in Sources */,
				2C9381B81D1A94E6009F41C2 /* ViewController.m in Sources */,
				2C9381B51D1A94E6009F41C2 /* AppDelegate.m in Sources */,
				2C00AA171D23A034003076E1 /* UIImage+tool.m in Sources */,
				2CFAB80C1D24F8AD002563AF /* UIView+EmptyShow.m in Sources */,
				2C9381B21D1A94E6009F41C2 /* main.m in Sources */,
				2C00AA161D23A034003076E1 /* NSString+tool.m in Sources */,
			);
			runOnlyForDeploymentPostprocessing = 0;
		};
/* End PBXSourcesBuildPhase section */

/* Begin PBXVariantGroup section */
		2C9381B91D1A94E6009F41C2 /* Main.storyboard */ = {
			isa = PBXVariantGroup;
			children = (
				2C9381BA1D1A94E6009F41C2 /* Base */,
			);
			name = Main.storyboard;
			sourceTree = "<group>";
		};
		2C9381BE1D1A94E6009F41C2 /* LaunchScreen.storyboard */ = {
			isa = PBXVariantGroup;
			children = (
				2C9381BF1D1A94E6009F41C2 /* Base */,
			);
			name = LaunchScreen.storyboard;
			sourceTree = "<group>";
		};
/* End PBXVariantGroup section */

/* Begin XCBuildConfiguration section */
		2C9381C21D1A94E6009F41C2 /* Debug */ = {
			isa = XCBuildConfiguration;
			buildSettings = {
				ALWAYS_SEARCH_USER_PATHS = NO;
				CLANG_ANALYZER_NONNULL = YES;
				CLANG_CXX_LANGUAGE_STANDARD = "gnu++0x";
				CLANG_CXX_LIBRARY = "libc++";
				CLANG_ENABLE_MODULES = YES;
				CLANG_ENABLE_OBJC_ARC = YES;
				CLANG_WARN_BOOL_CONVERSION = YES;
				CLANG_WARN_CONSTANT_CONVERSION = YES;
				CLANG_WARN_DIRECT_OBJC_ISA_USAGE = YES_ERROR;
				CLANG_WARN_EMPTY_BODY = YES;
				CLANG_WARN_ENUM_CONVERSION = YES;
				CLANG_WARN_INT_CONVERSION = YES;
				CLANG_WARN_OBJC_ROOT_CLASS = YES_ERROR;
				CLANG_WARN_UNREACHABLE_CODE = YES;
				CLANG_WARN__DUPLICATE_METHOD_MATCH = YES;
				"CODE_SIGN_IDENTITY[sdk=iphoneos*]" = "iPhone Developer";
				COPY_PHASE_STRIP = NO;
				DEBUG_INFORMATION_FORMAT = dwarf;
				ENABLE_STRICT_OBJC_MSGSEND = YES;
				ENABLE_TESTABILITY = YES;
				GCC_C_LANGUAGE_STANDARD = gnu99;
				GCC_DYNAMIC_NO_PIC = NO;
				GCC_NO_COMMON_BLOCKS = YES;
				GCC_OPTIMIZATION_LEVEL = 0;
				GCC_PREPROCESSOR_DEFINITIONS = (
					"DEBUG=1",
					"$(inherited)",
				);
				GCC_WARN_64_TO_32_BIT_CONVERSION = YES;
				GCC_WARN_ABOUT_RETURN_TYPE = YES_ERROR;
				GCC_WARN_UNDECLARED_SELECTOR = YES;
				GCC_WARN_UNINITIALIZED_AUTOS = YES_AGGRESSIVE;
				GCC_WARN_UNUSED_FUNCTION = YES;
				GCC_WARN_UNUSED_VARIABLE = YES;
				IPHONEOS_DEPLOYMENT_TARGET = 9.3;
				MTL_ENABLE_DEBUG_INFO = YES;
				ONLY_ACTIVE_ARCH = YES;
				SDKROOT = iphoneos;
				TARGETED_DEVICE_FAMILY = "1,2";
			};
			name = Debug;
		};
		2C9381C31D1A94E6009F41C2 /* Release */ = {
			isa = XCBuildConfiguration;
			buildSettings = {
				ALWAYS_SEARCH_USER_PATHS = NO;
				CLANG_ANALYZER_NONNULL = YES;
				CLANG_CXX_LANGUAGE_STANDARD = "gnu++0x";
				CLANG_CXX_LIBRARY = "libc++";
				CLANG_ENABLE_MODULES = YES;
				CLANG_ENABLE_OBJC_ARC = YES;
				CLANG_WARN_BOOL_CONVERSION = YES;
				CLANG_WARN_CONSTANT_CONVERSION = YES;
				CLANG_WARN_DIRECT_OBJC_ISA_USAGE = YES_ERROR;
				CLANG_WARN_EMPTY_BODY = YES;
				CLANG_WARN_ENUM_CONVERSION = YES;
				CLANG_WARN_INT_CONVERSION = YES;
				CLANG_WARN_OBJC_ROOT_CLASS = YES_ERROR;
				CLANG_WARN_UNREACHABLE_CODE = YES;
				CLANG_WARN__DUPLICATE_METHOD_MATCH = YES;
				"CODE_SIGN_IDENTITY[sdk=iphoneos*]" = "iPhone Developer";
				COPY_PHASE_STRIP = NO;
				DEBUG_INFORMATION_FORMAT = "dwarf-with-dsym";
				ENABLE_NS_ASSERTIONS = NO;
				ENABLE_STRICT_OBJC_MSGSEND = YES;
				GCC_C_LANGUAGE_STANDARD = gnu99;
				GCC_NO_COMMON_BLOCKS = YES;
				GCC_WARN_64_TO_32_BIT_CONVERSION = YES;
				GCC_WARN_ABOUT_RETURN_TYPE = YES_ERROR;
				GCC_WARN_UNDECLARED_SELECTOR = YES;
				GCC_WARN_UNINITIALIZED_AUTOS = YES_AGGRESSIVE;
				GCC_WARN_UNUSED_FUNCTION = YES;
				GCC_WARN_UNUSED_VARIABLE = YES;
				IPHONEOS_DEPLOYMENT_TARGET = 9.3;
				MTL_ENABLE_DEBUG_INFO = NO;
				SDKROOT = iphoneos;
				TARGETED_DEVICE_FAMILY = "1,2";
				VALIDATE_PRODUCT = YES;
			};
			name = Release;
		};
		2C9381C51D1A94E6009F41C2 /* Debug */ = {
			isa = XCBuildConfiguration;
			baseConfigurationReference = 263243D356B10090C23BEA14 /* Pods.debug.xcconfig */;
			buildSettings = {
				ASSETCATALOG_COMPILER_APPICON_NAME = AppIcon;
				FRAMEWORK_SEARCH_PATHS = (
					"$(SRCROOT)/**",
					"$(inherited)",
					"$(PROJECT_DIR)/testToolDemo",
					"$(PROJECT_DIR)",
				);
				GCC_PREFIX_HEADER = testToolDemo/PrefixHeader.pch;
				HEADER_SEARCH_PATHS = "$(SRCROOT)/**";
				INFOPLIST_FILE = testToolDemo/Info.plist;
				LD_RUNPATH_SEARCH_PATHS = "$(inherited) @executable_path/Frameworks";
				LIBRARY_SEARCH_PATHS = "$(SRCROOT)/**";
				OTHER_LDFLAGS = (
					"-all_load",
					"-ObjC",
				);
				PRODUCT_BUNDLE_IDENTIFIER = com.volientDuan.testToolDemo;
				PRODUCT_NAME = "$(TARGET_NAME)";
			};
			name = Debug;
		};
		2C9381C61D1A94E6009F41C2 /* Release */ = {
			isa = XCBuildConfiguration;
			baseConfigurationReference = B4EA5C0955EE1938A1D6F5B9 /* Pods.release.xcconfig */;
			buildSettings = {
				ASSETCATALOG_COMPILER_APPICON_NAME = AppIcon;
				FRAMEWORK_SEARCH_PATHS = (
					"$(SRCROOT)/**",
					"$(inherited)",
					"$(PROJECT_DIR)/testToolDemo",
					"$(PROJECT_DIR)",
				);
				GCC_PREFIX_HEADER = testToolDemo/PrefixHeader.pch;
				HEADER_SEARCH_PATHS = "$(SRCROOT)/**";
				INFOPLIST_FILE = testToolDemo/Info.plist;
				LD_RUNPATH_SEARCH_PATHS = "$(inherited) @executable_path/Frameworks";
				LIBRARY_SEARCH_PATHS = "$(SRCROOT)/**";
				OTHER_LDFLAGS = (
					"-all_load",
					"-ObjC",
				);
				PRODUCT_BUNDLE_IDENTIFIER = com.volientDuan.testToolDemo;
				PRODUCT_NAME = "$(TARGET_NAME)";
			};
			name = Release;
		};
/* End XCBuildConfiguration section */

/* Begin XCConfigurationList section */
		2C9381A81D1A94E6009F41C2 /* Build configuration list for PBXProject "testToolDemo" */ = {
			isa = XCConfigurationList;
			buildConfigurations = (
				2C9381C21D1A94E6009F41C2 /* Debug */,
				2C9381C31D1A94E6009F41C2 /* Release */,
			);
			defaultConfigurationIsVisible = 0;
			defaultConfigurationName = Release;
		};
		2C9381C41D1A94E6009F41C2 /* Build configuration list for PBXNativeTarget "testToolDemo" */ = {
			isa = XCConfigurationList;
			buildConfigurations = (
				2C9381C51D1A94E6009F41C2 /* Debug */,
				2C9381C61D1A94E6009F41C2 /* Release */,
			);
			defaultConfigurationIsVisible = 0;
			defaultConfigurationName = Release;
		};
/* End XCConfigurationList section */
	};
	rootObject = 2C9381A51D1A94E6009F41C2 /* Project object */;
}
